
Microsoft Visual Studio Solution File, Format Version 12.00
# Visual Studio Version 17
VisualStudioVersion = 17.4.33103.184
MinimumVisualStudioVersion = 10.0.40219.1
Project("{FAE04EC0-301F-11D3-BF4B-00C04F79EFBC}") = "D2", "D2\D2.csproj", "{BAC73A2E-8E95-4A00-A4AC-72B9CA83EE09}"
EndProject
Global
	GlobalSection(SolutionConfigurationPlatforms) = preSolution
		Debug|Any CPU = Debug|Any CPU
		Release|Any CPU = Release|Any CPU
	EndGlobalSection
	GlobalSection(ProjectConfigurationPlatforms) = postSolution
		{BAC73A2E-8E95-4A00-A4AC-72B9CA83EE09}.Debug|Any CPU.ActiveCfg = Debug|Any CPU
		{BAC73A2E-8E95-4A00-A4AC-72B9CA83EE09}.Debug|Any CPU.Build.0 = Debug|Any CPU
		{BAC73A2E-8E95-4A00-A4AC-72B9CA83EE09}.Release|Any CPU.ActiveCfg = Release|Any CPU
		{BAC73A2E-8E95-4A00-A4AC-72B9CA83EE09}.Release|Any CPU.Build.0 = Release|Any CPU
	EndGlobalSection
	GlobalSection(SolutionProperties) = preSolution
		HideSolutionNode = FALSE
	EndGlobalSection
	GlobalSection(ExtensibilityGlobals) = postSolution
		SolutionGuid = {AB0DFC40-F955-459F-B30E-DA94D797DF3F}
	EndGlobalSection
EndGlobal
